
Microsoft Visual Studio Solution File, Format Version 12.00
# Visual Studio 15
VisualStudioVersion = 15.0.27428.2002
MinimumVisualStudioVersion = 10.0.40219.1
Project("{FAE04EC0-301F-11D3-BF4B-00C04F79EFBC}") = "GameDevPOE2ndAttempt", "GameDevPOE2ndAttempt\GameDevPOE2ndAttempt.csproj", "{A560AF72-D1AC-4475-9AB3-28E3E682DD61}"
EndProject
Project("{FAE04EC0-301F-11D3-BF4B-00C04F79EFBC}") = "WindowsFormsApp1", "WindowsFormsApp1\WindowsFormsApp1.csproj", "{A2EF1E8E-E226-4EC6-A566-99B61F88D9FC}"
EndProject
Global
	GlobalSection(SolutionConfigurationPlatforms) = preSolution
		Debug|Any CPU = Debug|Any CPU
		Release|Any CPU = Release|Any CPU
	EndGlobalSection
	GlobalSection(ProjectConfigurationPlatforms) = postSolution
		{A560AF72-D1AC-4475-9AB3-28E3E682DD61}.Debug|Any CPU.ActiveCfg = Debug|Any CPU
		{A560AF72-D1AC-4475-9AB3-28E3E682DD61}.Debug|Any CPU.Build.0 = Debug|Any CPU
		{A560AF72-D1AC-4475-9AB3-28E3E682DD61}.Release|Any CPU.ActiveCfg = Release|Any CPU
		{A560AF72-D1AC-4475-9AB3-28E3E682DD61}.Release|Any CPU.Build.0 = Release|Any CPU
		{A2EF1E8E-E226-4EC6-A566-99B61F88D9FC}.Debug|Any CPU.ActiveCfg = Debug|Any CPU
		{A2EF1E8E-E226-4EC6-A566-99B61F88D9FC}.Debug|Any CPU.Build.0 = Debug|Any CPU
		{A2EF1E8E-E226-4EC6-A566-99B61F88D9FC}.Release|Any CPU.ActiveCfg = Release|Any CPU
		{A2EF1E8E-E226-4EC6-A566-99B61F88D9FC}.Release|Any CPU.Build.0 = Release|Any CPU
	EndGlobalSection
	GlobalSection(SolutionProperties) = preSolution
		HideSolutionNode = FALSE
	EndGlobalSection
	GlobalSection(ExtensibilityGlobals) = postSolution
		SolutionGuid = {5FE379DB-94FA-41B7-BA2C-6A45C5C729C0}
	EndGlobalSection
EndGlobal
